
Microsoft Visual Studio Solution File, Format Version 12.00
# Visual Studio Version 17
VisualStudioVersion = 17.5.33627.172
MinimumVisualStudioVersion = 10.0.40219.1
Project("{F184B08F-C81C-45F6-A57F-5ABD9991F28F}") = "QNAP Connect", "QNAP Connect.vbproj", "{B2554A37-F7F7-4ACA-A37A-0E679C2B68A2}"
EndProject
Global
	GlobalSection(SolutionConfigurationPlatforms) = preSolution
		Debug|Any CPU = Debug|Any CPU
		Release|Any CPU = Release|Any CPU
	EndGlobalSection
	GlobalSection(ProjectConfigurationPlatforms) = postSolution
		{B2554A37-F7F7-4ACA-A37A-0E679C2B68A2}.Debug|Any CPU.ActiveCfg = Debug|Any CPU
		{B2554A37-F7F7-4ACA-A37A-0E679C2B68A2}.Debug|Any CPU.Build.0 = Debug|Any CPU
		{B2554A37-F7F7-4ACA-A37A-0E679C2B68A2}.Release|Any CPU.ActiveCfg = Release|Any CPU
		{B2554A37-F7F7-4ACA-A37A-0E679C2B68A2}.Release|Any CPU.Build.0 = Release|Any CPU
	EndGlobalSection
	GlobalSection(SolutionProperties) = preSolution
		HideSolutionNode = FALSE
	EndGlobalSection
	GlobalSection(ExtensibilityGlobals) = postSolution
		SolutionGuid = {B59FAFBE-871F-479D-9D9C-20EDE3090655}
	EndGlobalSection
EndGlobal
